
Microsoft Visual Studio Solution File, Format Version 12.00
# Visual Studio Version 17
VisualStudioVersion = 17.13.35828.75 d17.13
MinimumVisualStudioVersion = 10.0.40219.1
Project("{FAE04EC0-301F-11D3-BF4B-00C04F79EFBC}") = "MVCClinica", "MVCClinica.csproj", "{65FD94E4-886C-4148-AAA3-12E522E3606E}"
EndProject
Global
	GlobalSection(SolutionConfigurationPlatforms) = preSolution
		Debug|Any CPU = Debug|Any CPU
		Release|Any CPU = Release|Any CPU
	EndGlobalSection
	GlobalSection(ProjectConfigurationPlatforms) = postSolution
		{65FD94E4-886C-4148-AAA3-12E522E3606E}.Debug|Any CPU.ActiveCfg = Debug|Any CPU
		{65FD94E4-886C-4148-AAA3-12E522E3606E}.Debug|Any CPU.Build.0 = Debug|Any CPU
		{65FD94E4-886C-4148-AAA3-12E522E3606E}.Release|Any CPU.ActiveCfg = Release|Any CPU
		{65FD94E4-886C-4148-AAA3-12E522E3606E}.Release|Any CPU.Build.0 = Release|Any CPU
	EndGlobalSection
	GlobalSection(SolutionProperties) = preSolution
		HideSolutionNode = FALSE
	EndGlobalSection
	GlobalSection(ExtensibilityGlobals) = postSolution
		SolutionGuid = {97DDC6A1-4CF0-421D-8BFB-6B6822C04EC4}
	EndGlobalSection
EndGlobal
